<?xml version="1.0" encoding="utf-8"?>
<Project ToolsVersion="14.0" xmlns="http://schemas.microsoft.com/developer/msbuild/2003">
  <ItemGroup>
    <Filter Include="Common">
      <UniqueIdentifier>86ab9269-cb5e-4d06-ad32-4cc52bba92ca</UniqueIdentifier>
    </Filter>
    <Filter Include="Assets">
      <UniqueIdentifier>423ed74e-2ee1-4fb8-8933-2963e6fbb56b</UniqueIdentifier>
      <Extensions>bmp;fbx;gif;jpg;jpeg;tga;tiff;tif;png</Extensions>
    </Filter>
  </ItemGroup>
  <ItemGroup>
    <ApplicationDefinition Include="App.xaml" />
  </ItemGroup>
  <ItemGroup>
    <ClCompile Include="App.xaml.cpp" />
    <ClCompile Include="MainPage.xaml.cpp" />
    <ClCompile Include="pch.cpp" />
    <ClCompile Include="Bedroom.xaml.cpp" />
    <ClCompile Include="Breakfast.xaml.cpp" />
    <ClCompile Include="Bathroom.xaml.cpp" />
    <ClCompile Include="TheEnd.xaml.cpp" />
  </ItemGroup>
  <ItemGroup>
    <ClInclude Include="pch.h" />
    <ClInclude Include="App.xaml.h" />
    <ClInclude Include="MainPage.xaml.h" />
    <ClInclude Include="Bedroom.xaml.h" />
    <ClInclude Include="Breakfast.xaml.h" />
    <ClInclude Include="Bathroom.xaml.h" />
    <ClInclude Include="TheEnd.xaml.h" />
  </ItemGroup>
  <ItemGroup>
    <Image Include="Assets\LockScreenLogo.scale-200.png">
      <Filter>Assets</Filter>
    </Image>
    <Image Include="Assets\SplashScreen.scale-200.png">
      <Filter>Assets</Filter>
    </Image>
    <Image Include="Assets\Square150x150Logo.scale-200.png">
      <Filter>Assets</Filter>
    </Image>
    <Image Include="Assets\Square44x44Logo.scale-200.png">
      <Filter>Assets</Filter>
    </Image>
    <Image Include="Assets\Square44x44Logo.targetsize-24_altform-unplated.png">
      <Filter>Assets</Filter>
    </Image>
    <Image Include="Assets\StoreLogo.png">
      <Filter>Assets</Filter>
    </Image>
    <Image Include="Assets\Wide310x150Logo.scale-200.png">
      <Filter>Assets</Filter>
    </Image>
    <Image Include="Assets\startagain.png">
      <Filter>Assets</Filter>
    </Image>
  </ItemGroup>
  <ItemGroup>
    <AppxManifest Include="Package.appxmanifest" />
  </ItemGroup>
  <ItemGroup>
    <None Include="BlindDay_TemporaryKey.pfx" />
  </ItemGroup>
  <ItemGroup>
    <Page Include="MainPage.xaml" />
    <Page Include="Bedroom.xaml" />
    <Page Include="Breakfast.xaml" />
    <Page Include="Bathroom.xaml" />
    <Page Include="TheEnd.xaml" />
  </ItemGroup>
  <ItemGroup>
    <Media Include="Assets\bathroom.wav">
      <Filter>Assets</Filter>
    </Media>
    <Media Include="Assets\bird.wav">
      <Filter>Assets</Filter>
    </Media>
    <Media Include="Assets\fridge.wav">
      <Filter>Assets</Filter>
    </Media>
    <Media Include="Assets\intro.mp3">
      <Filter>Assets</Filter>
    </Media>
  </ItemGroup>
</Project>